core:changelogs:
  - content: "---\npackages:\n  release:solzero:\n    type: minor\n---\n\n## Deploy SolZero from alchemy.new\n\n<!-- creative: {\"title\":\"Deploy SolZero in one click.\",\"bullets\":[\"Start from a GitHub release on alchemy.new.\",\"Sign in as admin@example.com with the generated password.\"],\"workType\":\"feature\"} -->\n\nSolZero can deploy from a GitHub release on alchemy.new. A fresh Cloudflare account uses workers.dev when the stage zone is localhost. Agent containers start from public GHCR images pinned by digest. Sign in as admin@example.com with the administrator password alchemy.new shows once.\n"
    filename: 2026-10-02-alchemy-new-deploy.md
    v: 0.0.0
core:packages:
  - changelogIds:
      - 2026-10-02-alchemy-new-deploy.md
    id: release:solzero
    updated: true
